
Microsoft Visual Studio Solution File, Format Version 12.00
# Visual Studio Version 17
VisualStudioVersion = 17.7.34024.191
MinimumVisualStudioVersion = 10.0.40219.1
Project("{9A19103F-16F7-4668-BE54-9A1E7A4F7556}") = "CornellPad", "CornellPad.csproj", "{A1C573D0-B2AA-485C-A106-089B44670D89}"
EndProject
Global
	GlobalSection(SolutionConfigurationPlatforms) = preSolution
		Debug|Any CPU = Debug|Any CPU
		Release|Any CPU = Release|Any CPU
	EndGlobalSection
	GlobalSection(ProjectConfigurationPlatforms) = postSolution
		{A1C573D0-B2AA-485C-A106-089B44670D89}.Debug|Any CPU.ActiveCfg = Debug|Any CPU
		{A1C573D0-B2AA-485C-A106-089B44670D89}.Debug|Any CPU.Build.0 = Debug|Any CPU
		{A1C573D0-B2AA-485C-A106-089B44670D89}.Debug|Any CPU.Deploy.0 = Debug|Any CPU
		{A1C573D0-B2AA-485C-A106-089B44670D89}.Release|Any CPU.ActiveCfg = Release|Any CPU
		{A1C573D0-B2AA-485C-A106-089B44670D89}.Release|Any CPU.Build.0 = Release|Any CPU
		{A1C573D0-B2AA-485C-A106-089B44670D89}.Release|Any CPU.Deploy.0 = Release|Any CPU
	EndGlobalSection
	GlobalSection(SolutionProperties) = preSolution
		HideSolutionNode = FALSE
	EndGlobalSection
	GlobalSection(ExtensibilityGlobals) = postSolution
		SolutionGuid = {1315C18A-8862-43DD-A2F5-CFF8617FE5E7}
	EndGlobalSection
EndGlobal
